{
  "name": "depsukistest",
  "version": "1.0.0",
  "lockfileVersion": 1,
  "requires": true,
  "dependencies": {
    "@angular-devkit/core": {
      "version": "8.3.23",
      "resolved": "http://hofer.eoc.dlr.de/nexus/repository/npm-all/@angular-devkit/core/-/core-8.3.23.tgz",
      "integrity": "sha512-y++LN6R/fu+obPUKEMDSKZ5FzeWN5rV0Z8vrdC+uF02VJLv/5QI/dUx3ROKFzJO3m2LU6EAuo5b/TLAPq4ving==",
      "requires": {
        "ajv": "6.10.2",
        "fast-json-stable-stringify": "2.0.0",
        "magic-string": "0.25.3",
        "rxjs": "6.4.0",
        "source-map": "0.7.3"
      },
      "dependencies": {
        "rxjs": {
          "version": "6.4.0",
          "resolved": "http://hofer.eoc.dlr.de/nexus/repository/npm-all/rxjs/-/rxjs-6.4.0.tgz",
          "integrity": "sha512-Z9Yfa11F6B9Sg/BK9MnqnQ+aQYicPLtilXBp2yUtDt2JRCE0h26d33EnfO3ZxoNxG0T92OUucP3Ct7cpfkdFfw==",
          "requires": {
            "tslib": "^1.9.0"
          }
        }
      }
    },
    "@angular-devkit/schematics": {
      "version": "8.3.23",
      "resolved": "http://hofer.eoc.dlr.de/nexus/repository/npm-all/@angular-devkit/schematics/-/schematics-8.3.23.tgz",
      "integrity": "sha512-O8i/vn6YfqbT0q7o4jsVOTnWE07T1tcvk2zJ4O/1ete2z+Z2aw1YtIddwXEGJNCDpeE0B7f2sUHoLOS4Jc4O9w==",
      "requires": {
        "@angular-devkit/core": "8.3.23",
        "rxjs": "6.4.0"
      },
      "dependencies": {
        "rxjs": {
          "version": "6.4.0",
          "resolved": "http://hofer.eoc.dlr.de/nexus/repository/npm-all/rxjs/-/rxjs-6.4.0.tgz",
          "integrity": "sha512-Z9Yfa11F6B9Sg/BK9MnqnQ+aQYicPLtilXBp2yUtDt2JRCE0h26d33EnfO3ZxoNxG0T92OUucP3Ct7cpfkdFfw==",
          "requires": {
            "tslib": "^1.9.0"
          }
        }
      }
    },
    "@angular/animations": {
      "version": "8.2.14",
      "resolved": "http://hofer.eoc.dlr.de/nexus/repository/npm-all/@angular/animations/-/animations-8.2.14.tgz",
      "integrity": "sha512-3Vc9TnNpKdtvKIXcWDFINSsnwgEMiDmLzjceWg1iYKwpeZGQahUXPoesLwQazBMmxJzQiA4HOMj0TTXKZ+Jzkg==",
      "requires": {
        "tslib": "^1.9.0"
      }
    },
    "@angular/cdk": {
      "version": "8.2.3",
      "resolved": "http://hofer.eoc.dlr.de/nexus/repository/npm-all/@angular/cdk/-/cdk-8.2.3.tgz",
      "integrity": "sha512-ZwO5Sn720RA2YvBqud0JAHkZXjmjxM0yNzCO8RVtRE9i8Gl26Wk0j0nQeJkVm4zwv2QO8MwbKUKGTMt8evsokA==",
      "requires": {
        "parse5": "^5.0.0",
        "tslib": "^1.7.1"
      }
    },
    "@angular/common": {
      "version": "8.2.14",
      "resolved": "http://hofer.eoc.dlr.de/nexus/repository/npm-all/@angular/common/-/common-8.2.14.tgz",
      "integrity": "sha512-Qmt+aX2quUW54kaNT7QH7WGXnFxr/cC2C6sf5SW5SdkZfDQSiz8IaItvieZfXVQUbBOQKFRJ7TlSkt0jI/yjvw==",
      "requires": {
        "tslib": "^1.9.0"
      }
    },
    "@angular/compiler": {
      "version": "8.2.14",
      "resolved": "http://hofer.eoc.dlr.de/nexus/repository/npm-all/@angular/compiler/-/compiler-8.2.14.tgz",
      "integrity": "sha512-ABZO4E7eeFA1QyJ2trDezxeQM5ZFa1dXw1Mpl/+1vuXDKNjJgNyWYwKp/NwRkLmrsuV0yv4UDCDe4kJOGbPKnw==",
      "requires": {
        "tslib": "^1.9.0"
      }
    },
    "@angular/core": {
      "version": "8.2.14",
      "resolved": "http://hofer.eoc.dlr.de/nexus/repository/npm-all/@angular/core/-/core-8.2.14.tgz",
      "integrity": "sha512-zeePkigi+hPh3rN7yoNENG/YUBUsIvUXdxx+AZq+QPaFeKEA2FBSrKn36ojHFrdJUjKzl0lPMEiGC2b6a6bo6g==",
      "requires": {
        "tslib": "^1.9.0"
      }
    },
    "@angular/forms": {
      "version": "8.2.14",
      "resolved": "http://hofer.eoc.dlr.de/nexus/repository/npm-all/@angular/forms/-/forms-8.2.14.tgz",
      "integrity": "sha512-zhyKL3CFIqcyHJ/TQF/h1OZztK611a6rxuPHCrt/5Sn1SuBTJJQ1pPTkOYIDy6IrCrtyANc8qB6P17Mao71DNQ==",
      "requires": {
        "tslib": "^1.9.0"
      }
    },
    "@angular/http": {
      "version": "7.2.16",
      "resolved": "http://hofer.eoc.dlr.de/nexus/repository/npm-all/@angular/http/-/http-7.2.16.tgz",
      "integrity": "sha512-yvjbNyzFSmmz4UTjCdy5M8mk0cZqf9TvSf8yN5UVIwtw4joyuUdlgJCuin0qSbQOKIf/JjHoofpO2JkPCGSNww==",
      "requires": {
        "tslib": "^1.9.0"
      }
    },
    "@angular/platform-browser": {
      "version": "8.2.14",
      "resolved": "http://hofer.eoc.dlr.de/nexus/repository/npm-all/@angular/platform-browser/-/platform-browser-8.2.14.tgz",
      "integrity": "sha512-MtJptptyKzsE37JZ2VB/tI4cvMrdAH+cT9pMBYZd66YSZfKjIj5s+AZo7z8ncoskQSB1o3HMfDjSK7QXGx1mLQ==",
      "requires": {
        "tslib": "^1.9.0"
      }
    },
    "@angular/platform-browser-dynamic": {
      "version": "8.2.14",
      "resolved": "http://hofer.eoc.dlr.de/nexus/repository/npm-all/@angular/platform-browser-dynamic/-/platform-browser-dynamic-8.2.14.tgz",
      "integrity": "sha512-mO2JPR5kLU/A3AQngy9+R/Q5gaF9csMStBQjwsCRI0wNtlItOIGL6+wTYpiTuh/ux+WVN1F2sLcEYU4Zf1ud9A==",
      "requires": {
        "tslib": "^1.9.0"
      }
    },
    "@angular/router": {
      "version": "8.2.14",
      "resolved": "http://hofer.eoc.dlr.de/nexus/repository/npm-all/@angular/router/-/router-8.2.14.tgz",
      "integrity": "sha512-DHA2BhODqV7F0g6ZKgFaZgbsqzHHWRcfWchCOrOVKu2rYiKUTwwHVLBgZAhrpNeinq2pWanVYSIhMr7wy+LfEA==",
      "requires": {
        "tslib": "^1.9.0"
      }
    },
    "@boundlessgeo/jsonix": {
      "version": "2.4.3",
      "resolved": "http://hofer.eoc.dlr.de/nexus/repository/npm-all/@boundlessgeo/jsonix/-/jsonix-2.4.3.tgz",
      "integrity": "sha1-Zis5/cjAFXcRi4mQrHjuRLVwAJs=",
      "requires": {
        "amdefine": "0.x.x",
        "xmldom": ">=0.1.21",
        "xmlhttprequest": "1.x.x"
      }
    },
    "@clr/angular": {
      "version": "2.3.5",
      "resolved": "http://hofer.eoc.dlr.de/nexus/repository/npm-all/@clr/angular/-/angular-2.3.5.tgz",
      "integrity": "sha512-UESi0zZ8lEtuG8GJJ9K4anjBRi/MdTNz3t2hWWLRQvZjpxFY3N6gMh9cwA2pWA8r6/X7MUfUVnKTlOtddgMvew==",
      "requires": {
        "tslib": "^1.9.0"
      }
    },
    "@clr/icons": {
      "version": "2.3.5",
      "resolved": "http://hofer.eoc.dlr.de/nexus/repository/npm-all/@clr/icons/-/icons-2.3.5.tgz",
      "integrity": "sha512-TyNDUY+Bhdbo5c18nwKqy4BC6ipt5S0mn3ot/byroUW/uliEOtw/nGj1q7pb+1r3EIsO8Mh4ndbaoUtc45XMRQ=="
    },
    "@clr/ui": {
      "version": "2.3.5",
      "resolved": "http://hofer.eoc.dlr.de/nexus/repository/npm-all/@clr/ui/-/ui-2.3.5.tgz",
      "integrity": "sha512-vQdirjzIwlYjjhzNgDKdHWn7+x+sJ63YySLQYSHpVzM36VzMX/KYp+gfnTjO4LwhOZVn6lNPP5rnmzcY6sxs6w=="
    },
    "@openlayers/pepjs": {
      "version": "0.5.3",
      "resolved": "http://hofer.eoc.dlr.de/nexus/repository/npm-all/@openlayers/pepjs/-/pepjs-0.5.3.tgz",
      "integrity": "sha512-Bgvi5c14BS0FJWyYWWFstNEnXsB30nK8Jt8hkAAdqr7E0gDdBBWVDglF3Ub19wTxvgJ/CVHyTY6VuCtnyRzglg=="
    },
    "@schematics/angular": {
      "version": "8.3.23",
      "resolved": "http://hofer.eoc.dlr.de/nexus/repository/npm-all/@schematics/angular/-/angular-8.3.23.tgz",
      "integrity": "sha512-yisP1iCLGC4VnZNC3kOnYyTS5cmfKEnLM9bMzhZGMWwov9RRfdxKKeSnG9FJNwHxI0WjQ0UWwfiz1dj0YacG3g==",
      "requires": {
        "@angular-devkit/core": "8.3.23",
        "@angular-devkit/schematics": "8.3.23"
      }
    },
    "@types/geojson": {
      "version": "7946.0.7",
      "resolved": "http://hofer.eoc.dlr.de/nexus/repository/npm-all/@types/geojson/-/geojson-7946.0.7.tgz",
      "integrity": "sha512-wE2v81i4C4Ol09RtsWFAqg3BUitWbHSpSlIo+bNdsCJijO9sjme+zm+73ZMCa/qMC8UEERxzGbvmr1cffo2SiQ=="
    },
    "@ukis/base-layers-raster": {
      "version": "6.2.0",
      "resolved": "http://hofer.eoc.dlr.de/nexus/repository/npm-all/@ukis/base-layers-raster/-/base-layers-raster-6.2.0.tgz",
      "integrity": "sha512-WWmVOyz70zzOxpidOy1hSb6RjVYsTuFQB7orYN7Lnk5xohBnnh4QHUz9f+UwItwPj8uVJ8UIWOhoUj54EG2eSA==",
      "requires": {
        "@ukis/services-layers": "6.2.0",
        "tslib": "^1.9.0"
      }
    },
    "@ukis/cookie-alert": {
      "version": "6.2.0",
      "resolved": "http://hofer.eoc.dlr.de/nexus/repository/npm-all/@ukis/cookie-alert/-/cookie-alert-6.2.0.tgz",
      "integrity": "sha512-JhuDYgvAfNxE1hXB4akZjtuo6ucp+nFF2jl+kGI5jRQj2u/CiYNwtIM/kh2QSrwrg4O5ClP07wQsJRgPEcPEvw==",
      "requires": {
        "@ukis/services-util-store": "6.2.0",
        "tslib": "^1.9.0"
      }
    },
    "@ukis/layer-control": {
      "version": "6.2.0",
      "resolved": "http://hofer.eoc.dlr.de/nexus/repository/npm-all/@ukis/layer-control/-/layer-control-6.2.0.tgz",
      "integrity": "sha512-qIsdtyibe+odujIfrMuegaULbiG5y1NmmCU8nmdARQlsChkgLA5Xe5YEvd5ZgR8pUoDQ8+POqGO+Fcxc1tnx2Q==",
      "requires": {
        "@angular/cdk": "^8.0.2",
        "@ukis/services-layers": "6.2.0",
        "@ukis/services-map-state": "6.2.0",
        "tslib": "^1.9.0"
      }
    },
    "@ukis/map-navigator": {
      "version": "6.2.0",
      "resolved": "http://hofer.eoc.dlr.de/nexus/repository/npm-all/@ukis/map-navigator/-/map-navigator-6.2.0.tgz",
      "integrity": "sha512-3ISwpnM2/X0aS4WtZ2c9DZLAW1rtk8MYzxqPlv22+gjp4yHwn13vcgqaerKLAPlT4OKNzu51FXwntKpc3gk/ng==",
      "requires": {
        "@ukis/map-ol": "6.2.0",
        "@ukis/services-map-state": "6.2.0",
        "tslib": "^1.9.0"
      }
    },
    "@ukis/map-ol": {
      "version": "6.2.0",
      "resolved": "http://hofer.eoc.dlr.de/nexus/repository/npm-all/@ukis/map-ol/-/map-ol-6.2.0.tgz",
      "integrity": "sha512-zgFBPYlnj7dhPLjBe8YN4LpN8rjeA4LnhGM45KWt5XiGSBQDinQzAdTojfD/OJ0U5z7LzoMiP5NanLl04wdnCg==",
      "requires": {
        "@ukis/services-layers": "6.2.0",
        "@ukis/services-map-state": "6.2.0",
        "@ukis/services-ogc": "6.2.0",
        "ol": "^6.1.1",
        "proj4": "^2.6.0",
        "tslib": "^1.9.0"
      }
    },
    "@ukis/owc-control": {
      "version": "6.2.0",
      "resolved": "http://hofer.eoc.dlr.de/nexus/repository/npm-all/@ukis/owc-control/-/owc-control-6.2.0.tgz",
      "integrity": "sha512-bwSC80b+/8uvhp+J8SaqUt0iCIAmU7PcKul6kppp6ySLJCPLB/yKN/EWlm2I5yg5D+Up96gGvRvf5x7F13rp+Q==",
      "requires": {
        "@ukis/services-layers": "6.2.0",
        "@ukis/services-map-state": "6.2.0",
        "@ukis/services-ogc": "6.2.0",
        "tslib": "^1.9.0"
      }
    },
    "@ukis/services-layers": {
      "version": "6.2.0",
      "resolved": "http://hofer.eoc.dlr.de/nexus/repository/npm-all/@ukis/services-layers/-/services-layers-6.2.0.tgz",
      "integrity": "sha512-dduNaeBDxf+QfVYWYJDPCON2rMXJKqlfk5uOCsCUQ+WvCkXbEfgyC2tCjfJ3U3Ry/DZyZL53+dQrHK4EE3hoPQ==",
      "requires": {
        "tslib": "^1.9.0"
      }
    },
    "@ukis/services-map-state": {
      "version": "6.2.0",
      "resolved": "http://hofer.eoc.dlr.de/nexus/repository/npm-all/@ukis/services-map-state/-/services-map-state-6.2.0.tgz",
      "integrity": "sha512-LxZe9TkYO9pxdcMS1muqDXDzIDEQnW4+gKw3KapwgK1E7qxs9dlmGDBL4E51d9T1h7h+ll2xAMUOw/LM2BgU7w==",
      "requires": {
        "tslib": "^1.9.0"
      }
    },
    "@ukis/services-ogc": {
      "version": "6.2.0",
      "resolved": "http://hofer.eoc.dlr.de/nexus/repository/npm-all/@ukis/services-ogc/-/services-ogc-6.2.0.tgz",
      "integrity": "sha512-Qdpz7lNLf2zuZtdQmInWIE6I7GDMj+yCU0WSzLDPNLv7kFg15tWJkwDrgacrBLhNzzshBMxX/+Qm/uwyuiCTzg==",
      "requires": {
        "@boundlessgeo/jsonix": "^2.4.3",
        "@types/geojson": "^7946.0.4",
        "@ukis/base-layers-raster": "6.2.0",
        "@ukis/services-layers": "6.2.0",
        "@ukis/services-util-store": "6.2.0",
        "md5": "^2.2.1",
        "ogc-schemas": "^2.6.1",
        "tslib": "^1.9.0",
        "w3c-schemas": "^1.4.0"
      }
    },
    "@ukis/services-util-store": {
      "version": "6.2.0",
      "resolved": "http://hofer.eoc.dlr.de/nexus/repository/npm-all/@ukis/services-util-store/-/services-util-store-6.2.0.tgz",
      "integrity": "sha512-lC28zH5pBbs/hirgLzc5jRXhojPifBgeObmL7hw4PP0YBUCCSy7GOP1DNObv6Y+nQfqy32Ou6jhk3pMYC+YRZQ==",
      "requires": {
        "md5": "^2.2.1",
        "tslib": "^1.9.0"
      }
    },
    "@ukis/user-info": {
      "version": "6.2.0",
      "resolved": "http://hofer.eoc.dlr.de/nexus/repository/npm-all/@ukis/user-info/-/user-info-6.2.0.tgz",
      "integrity": "sha512-E6cwO597822s9lv2wRqr56NuSJAuuZQo5nXuM2qax5EKoiydWm9AR9WVftiuryEtCLr1xz61TRRCoX1BP3Qq3w==",
      "requires": {
        "tslib": "^1.9.0"
      }
    },
    "@webcomponents/custom-elements": {
      "version": "1.3.2",
      "resolved": "http://hofer.eoc.dlr.de/nexus/repository/npm-all/@webcomponents/custom-elements/-/custom-elements-1.3.2.tgz",
      "integrity": "sha512-0HtVxwE+PLPCIFL2i8/d+vjlrj8fgafmzZvIblZMyMcww9upicXTdfQT7K0Tg7tDlSoWxjmP2xKYP09A2YMocQ=="
    },
    "ajv": {
      "version": "6.10.2",
      "resolved": "http://hofer.eoc.dlr.de/nexus/repository/npm-all/ajv/-/ajv-6.10.2.tgz",
      "integrity": "sha512-TXtUUEYHuaTEbLZWIKUr5pmBuhDLy+8KYtPYdcV8qC+pOZL+NKqYwvWSRrVXHn+ZmRRAu8vJTAznH7Oag6RVRw==",
      "requires": {
        "fast-deep-equal": "^2.0.1",
        "fast-json-stable-stringify": "^2.0.0",
        "json-schema-traverse": "^0.4.1",
        "uri-js": "^4.2.2"
      }
    },
    "amdefine": {
      "version": "0.1.1",
      "resolved": "http://hofer.eoc.dlr.de/nexus/repository/npm-all/amdefine/-/amdefine-0.1.1.tgz",
      "integrity": "sha1-tcdcUyBS3M1qOcAGTHcsjVegbNI="
    },
    "charenc": {
      "version": "0.0.2",
      "resolved": "http://hofer.eoc.dlr.de/nexus/repository/npm-all/charenc/-/charenc-0.0.2.tgz",
      "integrity": "sha1-wKHS86cJLgN3S/qD8UwPxXkKhmc="
    },
    "classlist.js": {
      "version": "1.1.20150312",
      "resolved": "http://hofer.eoc.dlr.de/nexus/repository/npm-all/classlist.js/-/classlist.js-1.1.20150312.tgz",
      "integrity": "sha1-HXCEL3Ai8I2awIbOaeWyUPLFd4k="
    },
    "core-js": {
      "version": "2.6.11",
      "resolved": "http://hofer.eoc.dlr.de/nexus/repository/npm-all/core-js/-/core-js-2.6.11.tgz",
      "integrity": "sha512-5wjnpaT/3dV+XB4borEsnAYQchn00XSgTAWKDkEqv+K8KevjbzmofK6hfJ9TZIlpj2N0xQpazy7PiRQiWHqzWg=="
    },
    "crypt": {
      "version": "0.0.2",
      "resolved": "http://hofer.eoc.dlr.de/nexus/repository/npm-all/crypt/-/crypt-0.0.2.tgz",
      "integrity": "sha1-iNf/fsDfuG9xPch7u0LQRNPmxBs="
    },
    "dayjs": {
      "version": "1.8.19",
      "resolved": "http://hofer.eoc.dlr.de/nexus/repository/npm-all/dayjs/-/dayjs-1.8.19.tgz",
      "integrity": "sha512-7kqOoj3oQSmqbvtvGFLU5iYqies+SqUiEGNT0UtUPPxcPYgY1BrkXR0Cq2R9HYSimBXN+xHkEN4Hi399W+Ovlg=="
    },
    "fast-deep-equal": {
      "version": "2.0.1",
      "resolved": "http://hofer.eoc.dlr.de/nexus/repository/npm-all/fast-deep-equal/-/fast-deep-equal-2.0.1.tgz",
      "integrity": "sha1-ewUhjd+WZ79/Nwv3/bLLFf3Qqkk="
    },
    "fast-json-stable-stringify": {
      "version": "2.0.0",
      "resolved": "http://hofer.eoc.dlr.de/nexus/repository/npm-all/fast-json-stable-stringify/-/fast-json-stable-stringify-2.0.0.tgz",
      "integrity": "sha1-1RQsDK7msRifh9OnYREGT4bIu/I="
    },
    "ieee754": {
      "version": "1.1.13",
      "resolved": "http://hofer.eoc.dlr.de/nexus/repository/npm-all/ieee754/-/ieee754-1.1.13.tgz",
      "integrity": "sha512-4vf7I2LYV/HaWerSo3XmlMkp5eZ83i+/CDluXi/IGTs/O1sejBNhTtnxzmRZfvOUqj7lZjqHkeTvpgSFDlWZTg=="
    },
    "is-buffer": {
      "version": "1.1.6",
      "resolved": "http://hofer.eoc.dlr.de/nexus/repository/npm-all/is-buffer/-/is-buffer-1.1.6.tgz",
      "integrity": "sha512-NcdALwpXkTm5Zvvbk7owOUSvVvBKDgKP5/ewfXEznmQFfs4ZRmanOeKBTjRVjka3QFoN6XJ+9F3USqfHqTaU5w=="
    },
    "json-schema-traverse": {
      "version": "0.4.1",
      "resolved": "http://hofer.eoc.dlr.de/nexus/repository/npm-all/json-schema-traverse/-/json-schema-traverse-0.4.1.tgz",
      "integrity": "sha512-xbbCH5dCYU5T8LcEhhuh7HJ88HXuW3qsI3Y0zOZFKfZEHcpWiHU/Jxzk629Brsab/mMiHQti9wMP+845RPe3Vg=="
    },
    "jsonix": {
      "version": "3.0.0",
      "resolved": "http://hofer.eoc.dlr.de/nexus/repository/npm-all/jsonix/-/jsonix-3.0.0.tgz",
      "integrity": "sha512-3I3CwAR5YRLGEApVjTYIDVzjryfvQq1sdEu8FLLCirGYBA9j0qDhIFHjtxEEyV0UApRgdAG8l4Za0VllZENHyA==",
      "requires": {
        "amdefine": "0.x.x",
        "xmldom": ">=0.1.21",
        "xmlhttprequest": "1.x.x"
      }
    },
    "magic-string": {
      "version": "0.25.3",
      "resolved": "http://hofer.eoc.dlr.de/nexus/repository/npm-all/magic-string/-/magic-string-0.25.3.tgz",
      "integrity": "sha512-6QK0OpF/phMz0Q2AxILkX2mFhi7m+WMwTRg0LQKq/WBB0cDP4rYH3Wp4/d3OTXlrPLVJT/RFqj8tFeAR4nk8AA==",
      "requires": {
        "sourcemap-codec": "^1.4.4"
      }
    },
    "md5": {
      "version": "2.2.1",
      "resolved": "http://hofer.eoc.dlr.de/nexus/repository/npm-all/md5/-/md5-2.2.1.tgz",
      "integrity": "sha1-U6s41f48iJG6RlMp6iP6wFQBJvk=",
      "requires": {
        "charenc": "~0.0.1",
        "crypt": "~0.0.1",
        "is-buffer": "~1.1.1"
      }
    },
    "mgrs": {
      "version": "1.0.0",
      "resolved": "http://hofer.eoc.dlr.de/nexus/repository/npm-all/mgrs/-/mgrs-1.0.0.tgz",
      "integrity": "sha1-+5FYjnjJACVnI5XLQLJffNatGCk="
    },
    "ogc-schemas": {
      "version": "2.6.1",
      "resolved": "http://hofer.eoc.dlr.de/nexus/repository/npm-all/ogc-schemas/-/ogc-schemas-2.6.1.tgz",
      "integrity": "sha1-CDSwDYA49W/t0gZGfzTBMOmXb5I=",
      "requires": {
        "jsonix": ">=2.4.0",
        "w3c-schemas": ">=1.4.0"
      }
    },
    "ol": {
      "version": "6.1.1",
      "resolved": "http://hofer.eoc.dlr.de/nexus/repository/npm-all/ol/-/ol-6.1.1.tgz",
      "integrity": "sha512-0dL3i3eJqgOpqIjDKEY3grkeQnjAYfV5L/JCxhOu4SxiaizRwFrFgeas6LILRoxKa03jhQFbut2r2bbgcLGQeA==",
      "requires": {
        "@openlayers/pepjs": "^0.5.3",
        "pbf": "3.2.1",
        "pixelworks": "1.1.0",
        "rbush": "^3.0.1"
      }
    },
    "parse5": {
      "version": "5.1.1",
      "resolved": "http://hofer.eoc.dlr.de/nexus/repository/npm-all/parse5/-/parse5-5.1.1.tgz",
      "integrity": "sha512-ugq4DFI0Ptb+WWjAdOK16+u/nHfiIrcE+sh8kZMaM0WllQKLI9rOUq6c2b7cwPkXdzfQESqvoqK6ug7U/Yyzug==",
      "optional": true
    },
    "pbf": {
      "version": "3.2.1",
      "resolved": "http://hofer.eoc.dlr.de/nexus/repository/npm-all/pbf/-/pbf-3.2.1.tgz",
      "integrity": "sha512-ClrV7pNOn7rtmoQVF4TS1vyU0WhYRnP92fzbfF75jAIwpnzdJXf8iTd4CMEqO4yUenH6NDqLiwjqlh6QgZzgLQ==",
      "requires": {
        "ieee754": "^1.1.12",
        "resolve-protobuf-schema": "^2.1.0"
      }
    },
    "pixelworks": {
      "version": "1.1.0",
      "resolved": "http://hofer.eoc.dlr.de/nexus/repository/npm-all/pixelworks/-/pixelworks-1.1.0.tgz",
      "integrity": "sha1-Hwla1I3Ki/ihyCWOAJIDGkTyLKU="
    },
    "proj4": {
      "version": "2.6.0",
      "resolved": "http://hofer.eoc.dlr.de/nexus/repository/npm-all/proj4/-/proj4-2.6.0.tgz",
      "integrity": "sha512-ll2WyehUFOyzEZtN8hAiOTmZpuDCN5V+4A/HjhPbhlwVwlsFKnIHSZ3l3uhzgDndHjoL2MyERFGe9VmXN4rYUg==",
      "requires": {
        "mgrs": "1.0.0",
        "wkt-parser": "^1.2.0"
      }
    },
    "protocol-buffers-schema": {
      "version": "3.3.3",
      "resolved": "http://hofer.eoc.dlr.de/nexus/repository/npm-all/protocol-buffers-schema/-/protocol-buffers-schema-3.3.3.tgz",
      "integrity": "sha512-jiszJ9Nzo8glRgP+PQ+QdQ/WqoolZLTIGBEG2PBwGWVGbTmq+j4S/3NR1kpoGE+pYXV2HfS8ukxXGKkBnMx7eA=="
    },
    "punycode": {
      "version": "2.1.1",
      "resolved": "http://hofer.eoc.dlr.de/nexus/repository/npm-all/punycode/-/punycode-2.1.1.tgz",
      "integrity": "sha512-XRsRjdf+j5ml+y/6GKHPZbrF/8p2Yga0JPtdqTIY2Xe5ohJPD9saDJJLPvp9+NSBprVvevdXZybnj2cv8OEd0A=="
    },
    "quickselect": {
      "version": "2.0.0",
      "resolved": "http://hofer.eoc.dlr.de/nexus/repository/npm-all/quickselect/-/quickselect-2.0.0.tgz",
      "integrity": "sha512-RKJ22hX8mHe3Y6wH/N3wCM6BWtjaxIyyUIkpHOvfFnxdI4yD4tBXEBKSbriGujF6jnSVkJrffuo6vxACiSSxIw=="
    },
    "rbush": {
      "version": "3.0.1",
      "resolved": "http://hofer.eoc.dlr.de/nexus/repository/npm-all/rbush/-/rbush-3.0.1.tgz",
      "integrity": "sha512-XRaVO0YecOpEuIvbhbpTrZgoiI6xBlz6hnlr6EHhd+0x9ase6EmeN+hdwwUaJvLcsFFQ8iWVF1GAK1yB0BWi0w==",
      "requires": {
        "quickselect": "^2.0.0"
      }
    },
    "resolve-protobuf-schema": {
      "version": "2.1.0",
      "resolved": "http://hofer.eoc.dlr.de/nexus/repository/npm-all/resolve-protobuf-schema/-/resolve-protobuf-schema-2.1.0.tgz",
      "integrity": "sha512-kI5ffTiZWmJaS/huM8wZfEMer1eRd7oJQhDuxeCLe3t7N7mX3z94CN0xPxBQxFYQTSNz9T0i+v6inKqSdK8xrQ==",
      "requires": {
        "protocol-buffers-schema": "^3.3.1"
      }
    },
    "rxjs": {
      "version": "6.5.4",
      "resolved": "http://hofer.eoc.dlr.de/nexus/repository/npm-all/rxjs/-/rxjs-6.5.4.tgz",
      "integrity": "sha512-naMQXcgEo3csAEGvw/NydRA0fuS2nDZJiw1YUWFKU7aPPAPGZEsD4Iimit96qwCieH6y614MCLYwdkrWx7z/7Q==",
      "requires": {
        "tslib": "^1.9.0"
      }
    },
    "source-map": {
      "version": "0.7.3",
      "resolved": "http://hofer.eoc.dlr.de/nexus/repository/npm-all/source-map/-/source-map-0.7.3.tgz",
      "integrity": "sha512-CkCj6giN3S+n9qrYiBTX5gystlENnRW5jZeNLHpe6aue+SrHcG5VYwujhW9s4dY31mEGsxBDrHR6oI69fTXsaQ=="
    },
    "sourcemap-codec": {
      "version": "1.4.8",
      "resolved": "http://hofer.eoc.dlr.de/nexus/repository/npm-all/sourcemap-codec/-/sourcemap-codec-1.4.8.tgz",
      "integrity": "sha512-9NykojV5Uih4lgo5So5dtw+f0JgJX30KCNI8gwhz2J9A15wD0Ml6tjHKwf6fTSa6fAdVBdZeNOs9eJ71qCk8vA=="
    },
    "tslib": {
      "version": "1.10.0",
      "resolved": "http://hofer.eoc.dlr.de/nexus/repository/npm-all/tslib/-/tslib-1.10.0.tgz",
      "integrity": "sha512-qOebF53frne81cf0S9B41ByenJ3/IuH8yJKngAX35CmiZySA0khhkovshKK+jGCaMnVomla7gVlIcc3EvKPbTQ=="
    },
    "uri-js": {
      "version": "4.2.2",
      "resolved": "http://hofer.eoc.dlr.de/nexus/repository/npm-all/uri-js/-/uri-js-4.2.2.tgz",
      "integrity": "sha512-KY9Frmirql91X2Qgjry0Wd4Y+YTdrdZheS8TFwvkbLWf/G5KNJDCh6pKL5OZctEW4+0Baa5idK2ZQuELRwPznQ==",
      "requires": {
        "punycode": "^2.1.0"
      }
    },
    "w3c-schemas": {
      "version": "1.4.0",
      "resolved": "http://hofer.eoc.dlr.de/nexus/repository/npm-all/w3c-schemas/-/w3c-schemas-1.4.0.tgz",
      "integrity": "sha1-9Nr+ktl69WqZs/qhUg9ZLfKZhCg=",
      "requires": {
        "jsonix": ">=2.4.0"
      }
    },
    "web-animations-js": {
      "version": "2.3.2",
      "resolved": "http://hofer.eoc.dlr.de/nexus/repository/npm-all/web-animations-js/-/web-animations-js-2.3.2.tgz",
      "integrity": "sha512-TOMFWtQdxzjWp8qx4DAraTWTsdhxVSiWa6NkPFSaPtZ1diKUxTn4yTix73A1euG1WbSOMMPcY51cnjTIHrGtDA=="
    },
    "wkt-parser": {
      "version": "1.2.3",
      "resolved": "http://hofer.eoc.dlr.de/nexus/repository/npm-all/wkt-parser/-/wkt-parser-1.2.3.tgz",
      "integrity": "sha512-s7zrOedGuHbbzMaQOuf8HacuCYp3LmmrHjkkN//7UEAzsYz7xJ6J+j/84ZWZkQcrRqi3xXyuc4odPHj7PEB0bw=="
    },
    "xmldom": {
      "version": "0.2.1",
      "resolved": "http://hofer.eoc.dlr.de/nexus/repository/npm-all/xmldom/-/xmldom-0.2.1.tgz",
      "integrity": "sha512-kXXiYvmblIgEemGeB75y97FyaZavx6SQhGppLw5TKWAD2Wd0KAly0g23eVLh17YcpxZpnFym1Qk/eaRjy1APPg=="
    },
    "xmlhttprequest": {
      "version": "1.8.0",
      "resolved": "http://hofer.eoc.dlr.de/nexus/repository/npm-all/xmlhttprequest/-/xmlhttprequest-1.8.0.tgz",
      "integrity": "sha1-Z/4HXFwk/vOfnWX197f+dRcZaPw="
    },
    "zone.js": {
      "version": "0.9.1",
      "resolved": "http://hofer.eoc.dlr.de/nexus/repository/npm-all/zone.js/-/zone.js-0.9.1.tgz",
      "integrity": "sha512-GkPiJL8jifSrKReKaTZ5jkhrMEgXbXYC+IPo1iquBjayRa0q86w3Dipjn8b415jpitMExe9lV8iTsv8tk3DGag=="
    }
  }
}
